{
  "name": "uifabric",
  "version": "1.0.0",
  "lockfileVersion": 1,
  "requires": true,
  "dependencies": {
    "@microsoft/load-themed-styles": {
      "version": "1.10.37",
      "resolved": "https://registry.npmjs.org/@microsoft/load-themed-styles/-/load-themed-styles-1.10.37.tgz",
      "integrity": "sha512-3/9rNkHO+f72RztnAQIgtZwUMVqxSz3JL+NIMMIlPHrDVQW7fJ69Im27WippydDzUZpUL1YiGSDIfqKa1amOdA=="
    },
    "@uifabric/fluent-theme": {
      "version": "0.16.21",
      "resolved": "https://registry.npmjs.org/@uifabric/fluent-theme/-/fluent-theme-0.16.21.tgz",
      "integrity": "sha512-j25cP59zM0o7NWwBZGDefUexJcg9ujvSjTcNDu+1AgxrOgh5fDYjiAyfNf4bgJUF7ApOgp3RHgkagxIuYMHXMw==",
      "requires": {
        "@uifabric/merge-styles": "^6.19.4",
        "@uifabric/set-version": "^1.1.3",
        "@uifabric/styling": "^6.50.7",
        "@uifabric/variants": "^6.15.2",
        "office-ui-fabric-react": "^6.203.2",
        "tslib": "^1.7.1"
      },
      "dependencies": {
        "office-ui-fabric-react": {
          "version": "6.211.3",
          "resolved": "https://registry.npmjs.org/office-ui-fabric-react/-/office-ui-fabric-react-6.211.3.tgz",
          "integrity": "sha512-lQttzcqQ5EaMm+hzKOgUiJRh3eL0sdLm0/nblV3eNNkICBoZUq+WTxO0OowbFE9aQ5d6ypBzRs8+y83cKTTM2Q==",
          "requires": {
            "@microsoft/load-themed-styles": "^1.7.13",
            "@uifabric/foundation": "^0.8.3",
            "@uifabric/icons": "^6.5.5",
            "@uifabric/merge-styles": "^6.19.4",
            "@uifabric/set-version": "^1.1.3",
            "@uifabric/styling": "^6.50.7",
            "@uifabric/utilities": "^6.45.1",
            "prop-types": "^15.5.10",
            "tslib": "^1.7.1"
          }
        }
      }
    },
    "@uifabric/foundation": {
      "version": "0.8.3",
      "resolved": "https://registry.npmjs.org/@uifabric/foundation/-/foundation-0.8.3.tgz",
      "integrity": "sha512-r3WhRj7Out8QAOe50BGA36R8zgRPy0D0GNPuwFK9BB9oIidf91ycj7/miY8U0TZRZi5fB3Kg+dy/uxSDfgC6Og==",
      "requires": {
        "@uifabric/set-version": "^1.1.3",
        "@uifabric/styling": "^6.50.7",
        "@uifabric/utilities": "^6.41.7",
        "tslib": "^1.7.1"
      }
    },
    "@uifabric/icons": {
      "version": "6.5.5",
      "resolved": "https://registry.npmjs.org/@uifabric/icons/-/icons-6.5.5.tgz",
      "integrity": "sha512-cGjzdpT0jzQ2RJvzlCVTrewaHCi4rb+ZNL2LWoceMi+5h196Y32qJwKMsc0ggR6u5CjMrzBiAxUFNppBSCutdA==",
      "requires": {
        "@uifabric/set-version": "^1.1.3",
        "@uifabric/styling": "^6.50.7",
        "tslib": "^1.7.1"
      }
    },
    "@uifabric/merge-styles": {
      "version": "6.19.4",
      "resolved": "https://registry.npmjs.org/@uifabric/merge-styles/-/merge-styles-6.19.4.tgz",
      "integrity": "sha512-bjQdDHxmRIZVPwL//MtErODhEfcRJ2y+zJXoIWNh3T8JfAepeRDdoJ/pGNnnyJxA/AHMtlWt0IgMaz150/nfAA==",
      "requires": {
        "@uifabric/set-version": "^1.1.3",
        "tslib": "^1.7.1"
      }
    },
    "@uifabric/react-hooks": {
      "version": "7.0.6",
      "resolved": "https://registry.npmjs.org/@uifabric/react-hooks/-/react-hooks-7.0.6.tgz",
      "integrity": "sha512-KT3JEkLGlXf3r5e/X3cUaFXttkl3G7s4+oJU3riETtrcnCNrArnOJHzUI9b8iKEUbPPaUmqrl+XBIubjH2o49w==",
      "requires": {
        "@uifabric/set-version": "^7.0.5",
        "@uifabric/utilities": "^7.11.6",
        "tslib": "^1.10.0"
      },
      "dependencies": {
        "@uifabric/merge-styles": {
          "version": "7.8.6",
          "resolved": "https://registry.npmjs.org/@uifabric/merge-styles/-/merge-styles-7.8.6.tgz",
          "integrity": "sha512-sT9z2dgxrEzdBi495RVkBbW8whpTalr8U16yPNxo9KLnSz1buIkKAE/+4661xOdso7qWcPysxmV2vmVpZMnc3g==",
          "requires": {
            "@uifabric/set-version": "^7.0.5",
            "tslib": "^1.10.0"
          }
        },
        "@uifabric/set-version": {
          "version": "7.0.5",
          "resolved": "https://registry.npmjs.org/@uifabric/set-version/-/set-version-7.0.5.tgz",
          "integrity": "sha512-wWh8iW0a35zAx6DgvOrY1rDS4ootwXmAzwezorBOnrzZBzTJiCBfJ7fXvl9H6tj53ES7e3PeorDUPA9KNqCk1g==",
          "requires": {
            "tslib": "^1.10.0"
          }
        },
        "@uifabric/utilities": {
          "version": "7.11.6",
          "resolved": "https://registry.npmjs.org/@uifabric/utilities/-/utilities-7.11.6.tgz",
          "integrity": "sha512-rR8OVbq6JlSXgHLvOu5TiD0a6XcDasMQrxZ12V2PmIphzrxXn6PnU7Twd2NLMNGP9ULF/9WkrGhmBoJsbf/gXA==",
          "requires": {
            "@uifabric/merge-styles": "^7.8.6",
            "@uifabric/set-version": "^7.0.5",
            "prop-types": "^15.5.10",
            "tslib": "^1.10.0"
          }
        }
      }
    },
    "@uifabric/set-version": {
      "version": "1.1.3",
      "resolved": "https://registry.npmjs.org/@uifabric/set-version/-/set-version-1.1.3.tgz",
      "integrity": "sha512-IYpwVIuN7MJOeiWzZzr9AmFSvA5zc6gJn4fNHtEFIQnNB8WVWIcYrvx8Tbf7wWj9MvhdHYp70F054zZlHbL/Ag==",
      "requires": {
        "tslib": "^1.7.1"
      }
    },
    "@uifabric/styling": {
      "version": "6.50.7",
      "resolved": "https://registry.npmjs.org/@uifabric/styling/-/styling-6.50.7.tgz",
      "integrity": "sha512-F2aBiB30ZiFxlZzy5hzLXODWOl6jySvPFAsoaTofk37xucHiunBLZYjX6WkfZrCWiyGPva+DLssNcwly9ZHVjg==",
      "requires": {
        "@microsoft/load-themed-styles": "^1.7.13",
        "@uifabric/merge-styles": "^6.19.4",
        "@uifabric/set-version": "^1.1.3",
        "@uifabric/utilities": "^6.41.7",
        "tslib": "^1.7.1"
      }
    },
    "@uifabric/utilities": {
      "version": "6.45.1",
      "resolved": "https://registry.npmjs.org/@uifabric/utilities/-/utilities-6.45.1.tgz",
      "integrity": "sha512-7FwUeriSJyIQigj+8mWe0zAH8Euxq6KVVVD/7u5c/RhmHy0sPvc5e+WP+TnluQcI4z+vB2ReruzjjCGaxjBxeQ==",
      "requires": {
        "@uifabric/merge-styles": "^6.19.4",
        "@uifabric/set-version": "^1.1.3",
        "prop-types": "^15.5.10",
        "tslib": "^1.7.1"
      }
    },
    "@uifabric/variants": {
      "version": "6.15.2",
      "resolved": "https://registry.npmjs.org/@uifabric/variants/-/variants-6.15.2.tgz",
      "integrity": "sha512-QWz9+hwxPBys8eib5+K+mtNqGmZFj+pjNWr2M63DsOODbod0geEux1n4X/6+TiEQUDoBTts7UGu7izIzVLmNmQ==",
      "requires": {
        "@uifabric/set-version": "^1.1.3",
        "office-ui-fabric-react": "^6.203.2",
        "tslib": "^1.7.1"
      },
      "dependencies": {
        "office-ui-fabric-react": {
          "version": "6.211.3",
          "resolved": "https://registry.npmjs.org/office-ui-fabric-react/-/office-ui-fabric-react-6.211.3.tgz",
          "integrity": "sha512-lQttzcqQ5EaMm+hzKOgUiJRh3eL0sdLm0/nblV3eNNkICBoZUq+WTxO0OowbFE9aQ5d6ypBzRs8+y83cKTTM2Q==",
          "requires": {
            "@microsoft/load-themed-styles": "^1.7.13",
            "@uifabric/foundation": "^0.8.3",
            "@uifabric/icons": "^6.5.5",
            "@uifabric/merge-styles": "^6.19.4",
            "@uifabric/set-version": "^1.1.3",
            "@uifabric/styling": "^6.50.7",
            "@uifabric/utilities": "^6.45.1",
            "prop-types": "^15.5.10",
            "tslib": "^1.7.1"
          }
        }
      }
    },
    "core-js": {
      "version": "3.6.4",
      "resolved": "https://registry.npmjs.org/core-js/-/core-js-3.6.4.tgz",
      "integrity": "sha512-4paDGScNgZP2IXXilaffL9X7968RuvwlkK3xWtZRVqgd8SYNiVKRJvkFd1aqqEuPfN7E68ZHEp9hDj6lHj4Hyw=="
    },
    "js-tokens": {
      "version": "4.0.0",
      "resolved": "https://registry.npmjs.org/js-tokens/-/js-tokens-4.0.0.tgz",
      "integrity": "sha512-RdJUflcE3cUzKiMqQgsCu06FPu9UdIJO0beYbPhHN4k6apgJtifcoCtT9bcxOpYBtpD2kCM6Sbzg4CausW/PKQ=="
    },
    "loose-envify": {
      "version": "1.4.0",
      "resolved": "https://registry.npmjs.org/loose-envify/-/loose-envify-1.4.0.tgz",
      "integrity": "sha512-lyuxPGr/Wfhrlem2CL/UcnUc1zcqKAImBDzukY7Y5F/yQiNdko6+fRLevlw1HgMySw7f611UIY408EtxRSoK3Q==",
      "requires": {
        "js-tokens": "^3.0.0 || ^4.0.0"
      }
    },
    "object-assign": {
      "version": "4.1.1",
      "resolved": "https://registry.npmjs.org/object-assign/-/object-assign-4.1.1.tgz",
      "integrity": "sha1-IQmtx5ZYh8/AXLvUQsrIv7s2CGM="
    },
    "office-ui-fabric-react": {
      "version": "7.90.0",
      "resolved": "https://registry.npmjs.org/office-ui-fabric-react/-/office-ui-fabric-react-7.90.0.tgz",
      "integrity": "sha512-ZaMUyaH2GOp1e/kvOJ5m5DFotsRWaKOw++/39Ua6XLQ+SJ7UGtUxfhy8q0xEsDZAX/z8QMX+AkhuAIpdJ2yhhg==",
      "requires": {
        "@microsoft/load-themed-styles": "^1.10.26",
        "@uifabric/foundation": "^7.5.6",
        "@uifabric/icons": "^7.3.5",
        "@uifabric/merge-styles": "^7.8.6",
        "@uifabric/react-hooks": "^7.0.6",
        "@uifabric/set-version": "^7.0.5",
        "@uifabric/styling": "^7.10.5",
        "@uifabric/utilities": "^7.11.6",
        "prop-types": "^15.5.10",
        "tslib": "^1.10.0"
      },
      "dependencies": {
        "@uifabric/foundation": {
          "version": "7.5.6",
          "resolved": "https://registry.npmjs.org/@uifabric/foundation/-/foundation-7.5.6.tgz",
          "integrity": "sha512-rQ9rvT8A/Rtgh91u/mC0MaJi7ThbsnUXU2T8VDDaRYX9L48rIkbNSL31n76FcM3vbe/3unU051j4f3rWX52lqw==",
          "requires": {
            "@uifabric/merge-styles": "^7.8.6",
            "@uifabric/set-version": "^7.0.5",
            "@uifabric/styling": "^7.10.5",
            "@uifabric/utilities": "^7.11.6",
            "tslib": "^1.10.0"
          }
        },
        "@uifabric/icons": {
          "version": "7.3.5",
          "resolved": "https://registry.npmjs.org/@uifabric/icons/-/icons-7.3.5.tgz",
          "integrity": "sha512-tcfMnMi/Zpy5kyDoey9+Ebzp474WcCqnOeUldrDELpcYL+Jsl5KUAT6V8jZIqK5DPPY0AA8LATI+q7OchJNbyg==",
          "requires": {
            "@uifabric/set-version": "^7.0.5",
            "@uifabric/styling": "^7.10.5",
            "tslib": "^1.10.0"
          }
        },
        "@uifabric/merge-styles": {
          "version": "7.8.6",
          "resolved": "https://registry.npmjs.org/@uifabric/merge-styles/-/merge-styles-7.8.6.tgz",
          "integrity": "sha512-sT9z2dgxrEzdBi495RVkBbW8whpTalr8U16yPNxo9KLnSz1buIkKAE/+4661xOdso7qWcPysxmV2vmVpZMnc3g==",
          "requires": {
            "@uifabric/set-version": "^7.0.5",
            "tslib": "^1.10.0"
          }
        },
        "@uifabric/set-version": {
          "version": "7.0.5",
          "resolved": "https://registry.npmjs.org/@uifabric/set-version/-/set-version-7.0.5.tgz",
          "integrity": "sha512-wWh8iW0a35zAx6DgvOrY1rDS4ootwXmAzwezorBOnrzZBzTJiCBfJ7fXvl9H6tj53ES7e3PeorDUPA9KNqCk1g==",
          "requires": {
            "tslib": "^1.10.0"
          }
        },
        "@uifabric/styling": {
          "version": "7.10.5",
          "resolved": "https://registry.npmjs.org/@uifabric/styling/-/styling-7.10.5.tgz",
          "integrity": "sha512-YRuLyq529vbz6dAqmpbUQtfpANyVN3Dd0uZlcNx1/RhSMgjC6Digvup9gau5ovtDfEIDkJSs9LgQTFS47aW3Uw==",
          "requires": {
            "@microsoft/load-themed-styles": "^1.10.26",
            "@uifabric/merge-styles": "^7.8.6",
            "@uifabric/set-version": "^7.0.5",
            "@uifabric/utilities": "^7.11.6",
            "tslib": "^1.10.0"
          }
        },
        "@uifabric/utilities": {
          "version": "7.11.6",
          "resolved": "https://registry.npmjs.org/@uifabric/utilities/-/utilities-7.11.6.tgz",
          "integrity": "sha512-rR8OVbq6JlSXgHLvOu5TiD0a6XcDasMQrxZ12V2PmIphzrxXn6PnU7Twd2NLMNGP9ULF/9WkrGhmBoJsbf/gXA==",
          "requires": {
            "@uifabric/merge-styles": "^7.8.6",
            "@uifabric/set-version": "^7.0.5",
            "prop-types": "^15.5.10",
            "tslib": "^1.10.0"
          }
        }
      }
    },
    "prop-types": {
      "version": "15.7.2",
      "resolved": "https://registry.npmjs.org/prop-types/-/prop-types-15.7.2.tgz",
      "integrity": "sha512-8QQikdH7//R2vurIJSutZ1smHYTcLpRWEOlHnzcWHmBYrOGUysKwSsrC89BCiFj3CbrfJ/nXFdJepOVrY1GCHQ==",
      "requires": {
        "loose-envify": "^1.4.0",
        "object-assign": "^4.1.1",
        "react-is": "^16.8.1"
      }
    },
    "react": {
      "version": "16.12.0",
      "resolved": "https://registry.npmjs.org/react/-/react-16.12.0.tgz",
      "integrity": "sha512-fglqy3k5E+81pA8s+7K0/T3DBCF0ZDOher1elBFzF7O6arXJgzyu/FW+COxFvAWXJoJN9KIZbT2LXlukwphYTA==",
      "requires": {
        "loose-envify": "^1.1.0",
        "object-assign": "^4.1.1",
        "prop-types": "^15.6.2"
      }
    },
    "react-dom": {
      "version": "16.12.0",
      "resolved": "https://registry.npmjs.org/react-dom/-/react-dom-16.12.0.tgz",
      "integrity": "sha512-LMxFfAGrcS3kETtQaCkTKjMiifahaMySFDn71fZUNpPHZQEzmk/GiAeIT8JSOrHB23fnuCOMruL2a8NYlw+8Gw==",
      "requires": {
        "loose-envify": "^1.1.0",
        "object-assign": "^4.1.1",
        "prop-types": "^15.6.2",
        "scheduler": "^0.18.0"
      }
    },
    "react-is": {
      "version": "16.12.0",
      "resolved": "https://registry.npmjs.org/react-is/-/react-is-16.12.0.tgz",
      "integrity": "sha512-rPCkf/mWBtKc97aLL9/txD8DZdemK0vkA3JMLShjlJB3Pj3s+lpf1KaBzMfQrAmhMQB0n1cU/SUGgKKBCe837Q=="
    },
    "scheduler": {
      "version": "0.18.0",
      "resolved": "https://registry.npmjs.org/scheduler/-/scheduler-0.18.0.tgz",
      "integrity": "sha512-agTSHR1Nbfi6ulI0kYNK0203joW2Y5W4po4l+v03tOoiJKpTBbxpNhWDvqc/4IcOw+KLmSiQLTasZ4cab2/UWQ==",
      "requires": {
        "loose-envify": "^1.1.0",
        "object-assign": "^4.1.1"
      }
    },
    "tslib": {
      "version": "1.10.0",
      "resolved": "https://registry.npmjs.org/tslib/-/tslib-1.10.0.tgz",
      "integrity": "sha512-qOebF53frne81cf0S9B41ByenJ3/IuH8yJKngAX35CmiZySA0khhkovshKK+jGCaMnVomla7gVlIcc3EvKPbTQ=="
    }
  }
}
